Microsoft Visual Studio Solution File, Format Version 12.00
# Visual Studio Version 18
VisualStudioVersion = 18.1.11304.174
MinimumVisualStudioVersion = 10.0.40219.1
Project("{FAE04EC0-301F-11D3-BF4B-00C04F79EFBC}") = "Viboras", "Viboras\Viboras.csproj", "{3818AFC2-D704-218F-E107-9EBF37C7C37B}"
EndProject
Project("{FAE04EC0-301F-11D3-BF4B-00C04F79EFBC}") = "Viboras.Core", "Viboras.Core\Viboras.Core.csproj", "{8A0380DB-CC59-62AA-FB0D-0CC952941FE4}"
EndProject
Project("{FAE04EC0-301F-11D3-BF4B-00C04F79EFBC}") = "Viboras.Server", "Viboras.Server\Viboras.Server.csproj", "{15F69427-86F2-4D96-BE8C-799A26F084BC}"
EndProject
Global
	GlobalSection(SolutionConfigurationPlatforms) = preSolution
		Debug|Any CPU = Debug|Any CPU
		Release|Any CPU = Release|Any CPU
	EndGlobalSection
	GlobalSection(ProjectConfigurationPlatforms) = postSolution
		{3818AFC2-D704-218F-E107-9EBF37C7C37B}.Debug|Any CPU.ActiveCfg = Debug|Any CPU
		{3818AFC2-D704-218F-E107-9EBF37C7C37B}.Debug|Any CPU.Build.0 = Debug|Any CPU
		{3818AFC2-D704-218F-E107-9EBF37C7C37B}.Release|Any CPU.ActiveCfg = Release|Any CPU
		{3818AFC2-D704-218F-E107-9EBF37C7C37B}.Release|Any CPU.Build.0 = Release|Any CPU
		{8A0380DB-CC59-62AA-FB0D-0CC952941FE4}.Debug|Any CPU.ActiveCfg = Debug|Any CPU
		{8A0380DB-CC59-62AA-FB0D-0CC952941FE4}.Debug|Any CPU.Build.0 = Debug|Any CPU
		{8A0380DB-CC59-62AA-FB0D-0CC952941FE4}.Release|Any CPU.ActiveCfg = Release|Any CPU
		{8A0380DB-CC59-62AA-FB0D-0CC952941FE4}.Release|Any CPU.Build.0 = Release|Any CPU
		{15F69427-86F2-4D96-BE8C-799A26F084BC}.Debug|Any CPU.ActiveCfg = Debug|Any CPU
		{15F69427-86F2-4D96-BE8C-799A26F084BC}.Debug|Any CPU.Build.0 = Debug|Any CPU
		{15F69427-86F2-4D96-BE8C-799A26F084BC}.Release|Any CPU.ActiveCfg = Release|Any CPU
		{15F69427-86F2-4D96-BE8C-799A26F084BC}.Release|Any CPU.Build.0 = Release|Any CPU
	EndGlobalSection
	GlobalSection(SolutionProperties) = preSolution
		HideSolutionNode = FALSE
	EndGlobalSection
	GlobalSection(ExtensibilityGlobals) = postSolution
		SolutionGuid = {209B5B3C-48DA-4EDD-B33A-7B289A55A7E6}
	EndGlobalSection
EndGlobal
